
Microsoft Visual Studio Solution File, Format Version 12.00
# Visual Studio Version 17
VisualStudioVersion = 17.9.34902.65
MinimumVisualStudioVersion = 10.0.40219.1
Project("{FAE04EC0-301F-11D3-BF4B-00C04F79EFBC}") = "CleverenceSoft_TestTask2", "CleverenceSoft_TestTask2\CleverenceSoft_TestTask2.csproj", "{B0D49998-26DE-49CC-A8D0-F5FD42ABD24E}"
EndProject
Global
	GlobalSection(SolutionConfigurationPlatforms) = preSolution
		Debug|Any CPU = Debug|Any CPU
		Release|Any CPU = Release|Any CPU
	EndGlobalSection
	GlobalSection(ProjectConfigurationPlatforms) = postSolution
		{B0D49998-26DE-49CC-A8D0-F5FD42ABD24E}.Debug|Any CPU.ActiveCfg = Debug|Any CPU
		{B0D49998-26DE-49CC-A8D0-F5FD42ABD24E}.Debug|Any CPU.Build.0 = Debug|Any CPU
		{B0D49998-26DE-49CC-A8D0-F5FD42ABD24E}.Release|Any CPU.ActiveCfg = Release|Any CPU
		{B0D49998-26DE-49CC-A8D0-F5FD42ABD24E}.Release|Any CPU.Build.0 = Release|Any CPU
	EndGlobalSection
	GlobalSection(SolutionProperties) = preSolution
		HideSolutionNode = FALSE
	EndGlobalSection
	GlobalSection(ExtensibilityGlobals) = postSolution
		SolutionGuid = {9E9C55C1-D742-4300-BF32-05390A794470}
	EndGlobalSection
EndGlobal
